{
  "lockfile-version": 1,
  "manifest": {
    "version": 1,
    "install": {
      "cowsay": {
        "pkg-path": "cowsay"
      }
    },
    "hook": {},
    "profile": {},
    "options": {
      "systems": [
        "aarch64-darwin",
        "aarch64-linux",
        "x86_64-darwin",
        "x86_64-linux"
      ]
    },
    "build": {
      "sayhi": {
        "command": "mkdir -p $out/bin\necho \"#!/bin/bash\" > $out/bin/sayhi\necho \"echo 'I am saying hi to $1'\" >> $out/bin/sayhi\nchmod a+x $out/bin/sayhi\n",
        "version": "0.0.4",
        "description": "An super simple greeting."
      }
    }
  },
  "packages": [
    {
      "attr_path": "cowsay",
      "broken": false,
      "derivation": "/nix/store/vvc8ww0akiykrxvclvl7l6nfgz2hssc8-cowsay-3.8.4.drv",
      "description": "Program which generates ASCII pictures of a cow with a message",
      "install_id": "cowsay",
      "license": "GPL-3.0-only",
      "locked_url": "https://github.com/flox/nixpkgs?rev=9807714d6944a957c2e036f84b0ff8caf9930bc0",
      "name": "cowsay-3.8.4",
      "pname": "cowsay",
      "rev": "9807714d6944a957c2e036f84b0ff8caf9930bc0",
      "rev_count": 826938,
      "rev_date": "2025-07-08T14:16:20Z",
      "scrape_date": "2025-07-10T05:14:30.491046Z",
      "stabilities": [
        "staging",
        "unstable"
      ],
      "unfree": false,
      "version": "3.8.4",
      "outputs_to_install": [
        "man",
        "out"
      ],
      "outputs": {
        "man": "/nix/store/v8fgr5fw4lvm48y0yc6wywqi3nf34k60-cowsay-3.8.4-man",
        "out": "/nix/store/d1dcmxkzxd25j6xbqc9k7nwvd31jqqpp-cowsay-3.8.4"
      },
      "system": "aarch64-darwin",
      "group": "toplevel",
      "priority": 5
    },
    {
      "attr_path": "cowsay",
      "broken": false,
      "derivation": "/nix/store/pg93jcb8y9799y1ai0ph17bsfdy4v8m0-cowsay-3.8.4.drv",
      "description": "Program which generates ASCII pictures of a cow with a message",
      "install_id": "cowsay",
      "license": "GPL-3.0-only",
      "locked_url": "https://github.com/flox/nixpkgs?rev=9807714d6944a957c2e036f84b0ff8caf9930bc0",
      "name": "cowsay-3.8.4",
      "pname": "cowsay",
      "rev": "9807714d6944a957c2e036f84b0ff8caf9930bc0",
      "rev_count": 826938,
      "rev_date": "2025-07-08T14:16:20Z",
      "scrape_date": "2025-07-10T05:34:50.536978Z",
      "stabilities": [
        "staging",
        "unstable"
      ],
      "unfree": false,
      "version": "3.8.4",
      "outputs_to_install": [
        "man",
        "out"
      ],
      "outputs": {
        "man": "/nix/store/7dgw1ppm35igac31a9iz7q9dnlz948ml-cowsay-3.8.4-man",
        "out": "/nix/store/cvynrgksg4fmfm2q9g6p9sqnvsvr48ra-cowsay-3.8.4"
      },
      "system": "aarch64-linux",
      "group": "toplevel",
      "priority": 5
    },
    {
      "attr_path": "cowsay",
      "broken": false,
      "derivation": "/nix/store/n8b221c6xk2ls0vdaln1s0jpxbxaz106-cowsay-3.8.4.drv",
      "description": "Program which generates ASCII pictures of a cow with a message",
      "install_id": "cowsay",
      "license": "GPL-3.0-only",
      "locked_url": "https://github.com/flox/nixpkgs?rev=9807714d6944a957c2e036f84b0ff8caf9930bc0",
      "name": "cowsay-3.8.4",
      "pname": "cowsay",
      "rev": "9807714d6944a957c2e036f84b0ff8caf9930bc0",
      "rev_count": 826938,
      "rev_date": "2025-07-08T14:16:20Z",
      "scrape_date": "2025-07-10T05:53:48.761820Z",
      "stabilities": [
        "staging",
        "unstable"
      ],
      "unfree": false,
      "version": "3.8.4",
      "outputs_to_install": [
        "man",
        "out"
      ],
      "outputs": {
        "man": "/nix/store/gj3s3bi6lxds5asjfwn80yxj6agki292-cowsay-3.8.4-man",
        "out": "/nix/store/bjn3g3v3sv3z2dsrm04lijhpdhn317ab-cowsay-3.8.4"
      },
      "system": "x86_64-darwin",
      "group": "toplevel",
      "priority": 5
    },
    {
      "attr_path": "cowsay",
      "broken": false,
      "derivation": "/nix/store/lgxfrvhfj142h9bl8010qfhay7z9gdw9-cowsay-3.8.4.drv",
      "description": "Program which generates ASCII pictures of a cow with a message",
      "install_id": "cowsay",
      "license": "GPL-3.0-only",
      "locked_url": "https://github.com/flox/nixpkgs?rev=9807714d6944a957c2e036f84b0ff8caf9930bc0",
      "name": "cowsay-3.8.4",
      "pname": "cowsay",
      "rev": "9807714d6944a957c2e036f84b0ff8caf9930bc0",
      "rev_count": 826938,
      "rev_date": "2025-07-08T14:16:20Z",
      "scrape_date": "2025-07-10T06:15:24.914456Z",
      "stabilities": [
        "staging",
        "unstable"
      ],
      "unfree": false,
      "version": "3.8.4",
      "outputs_to_install": [
        "man",
        "out"
      ],
      "outputs": {
        "man": "/nix/store/iybz0l5smyaq7xsmb6qz6v6wgxngvx1h-cowsay-3.8.4-man",
        "out": "/nix/store/500s9r282xjq81dqssjc2n2kll39jwcq-cowsay-3.8.4"
      },
      "system": "x86_64-linux",
      "group": "toplevel",
      "priority": 5
    }
  ]
}