{
  "lockfile-version": 1,
  "manifest": {
    "version": 1,
    "install": {
      "cowsay": {
        "pkg-path": "cowsay"
      }
    },
    "hook": {},
    "profile": {},
    "options": {
      "systems": [
        "aarch64-darwin",
        "aarch64-linux",
        "x86_64-darwin",
        "x86_64-linux"
      ]
    },
    "build": {
      "sayhi": {
        "command": "mkdir -p $out/bin\necho \"#!/bin/bash\" > $out/bin/sayhi\necho \"echo 'I am saying hi to $1'\" >> $out/bin/sayhi\nchmod a+x $out/bin/sayhi\n",
        "version": "0.0.4",
        "description": "An super simple greeting."
      }
    }
  },
  "packages": [
    {
      "attr_path": "cowsay",
      "broken": false,
      "derivation": "/nix/store/mkfjcsl3y7c6n4rp7ysbi7dcd4s0yk4g-cowsay-3.8.4.drv",
      "description": "Program which generates ASCII pictures of a cow with a message",
      "install_id": "cowsay",
      "license": "GPL-3.0-only",
      "locked_url": "https://github.com/flox/nixpkgs?rev=3e3afe5174c561dee0df6f2c2b2236990146329f",
      "name": "cowsay-3.8.4",
      "pname": "cowsay",
      "rev": "3e3afe5174c561dee0df6f2c2b2236990146329f",
      "rev_count": 811950,
      "rev_date": "2025-06-07T08:35:48Z",
      "scrape_date": "2025-06-09T04:23:50.873192Z",
      "stabilities": [
        "unstable"
      ],
      "unfree": false,
      "version": "3.8.4",
      "outputs_to_install": [
        "man",
        "out"
      ],
      "outputs": {
        "man": "/nix/store/p6qzzb94s6qzd1hpzwb6dalsvnjbdaa4-cowsay-3.8.4-man",
        "out": "/nix/store/7g6im70dlfqczafq97yknpc9kndpa1nn-cowsay-3.8.4"
      },
      "system": "aarch64-darwin",
      "group": "toplevel",
      "priority": 5
    },
    {
      "attr_path": "cowsay",
      "broken": false,
      "derivation": "/nix/store/n2pz2wshqgcbw0aarh733v8a372l0vip-cowsay-3.8.4.drv",
      "description": "Program which generates ASCII pictures of a cow with a message",
      "install_id": "cowsay",
      "license": "GPL-3.0-only",
      "locked_url": "https://github.com/flox/nixpkgs?rev=3e3afe5174c561dee0df6f2c2b2236990146329f",
      "name": "cowsay-3.8.4",
      "pname": "cowsay",
      "rev": "3e3afe5174c561dee0df6f2c2b2236990146329f",
      "rev_count": 811950,
      "rev_date": "2025-06-07T08:35:48Z",
      "scrape_date": "2025-06-09T04:41:58.058778Z",
      "stabilities": [
        "unstable"
      ],
      "unfree": false,
      "version": "3.8.4",
      "outputs_to_install": [
        "man",
        "out"
      ],
      "outputs": {
        "man": "/nix/store/jj1frm3228dqmf8pam24pl5zcxmpiny3-cowsay-3.8.4-man",
        "out": "/nix/store/18wrm9y496xj0rwvs8hyhz5hvk3cf85w-cowsay-3.8.4"
      },
      "system": "aarch64-linux",
      "group": "toplevel",
      "priority": 5
    },
    {
      "attr_path": "cowsay",
      "broken": false,
      "derivation": "/nix/store/6pp07gnr8kw100q70w5zjmndygq70y78-cowsay-3.8.4.drv",
      "description": "Program which generates ASCII pictures of a cow with a message",
      "install_id": "cowsay",
      "license": "GPL-3.0-only",
      "locked_url": "https://github.com/flox/nixpkgs?rev=3e3afe5174c561dee0df6f2c2b2236990146329f",
      "name": "cowsay-3.8.4",
      "pname": "cowsay",
      "rev": "3e3afe5174c561dee0df6f2c2b2236990146329f",
      "rev_count": 811950,
      "rev_date": "2025-06-07T08:35:48Z",
      "scrape_date": "2025-06-09T04:58:21.099716Z",
      "stabilities": [
        "unstable"
      ],
      "unfree": false,
      "version": "3.8.4",
      "outputs_to_install": [
        "man",
        "out"
      ],
      "outputs": {
        "man": "/nix/store/ifgfm715p30isydj6r9hw4bm40057mni-cowsay-3.8.4-man",
        "out": "/nix/store/zlmvcafdpsgwkn40q49ybmh36dwqp48n-cowsay-3.8.4"
      },
      "system": "x86_64-darwin",
      "group": "toplevel",
      "priority": 5
    },
    {
      "attr_path": "cowsay",
      "broken": false,
      "derivation": "/nix/store/ja9c05cp47bsv0rxd5xf1660hl793rzc-cowsay-3.8.4.drv",
      "description": "Program which generates ASCII pictures of a cow with a message",
      "install_id": "cowsay",
      "license": "GPL-3.0-only",
      "locked_url": "https://github.com/flox/nixpkgs?rev=3e3afe5174c561dee0df6f2c2b2236990146329f",
      "name": "cowsay-3.8.4",
      "pname": "cowsay",
      "rev": "3e3afe5174c561dee0df6f2c2b2236990146329f",
      "rev_count": 811950,
      "rev_date": "2025-06-07T08:35:48Z",
      "scrape_date": "2025-06-09T05:17:41.319942Z",
      "stabilities": [
        "unstable"
      ],
      "unfree": false,
      "version": "3.8.4",
      "outputs_to_install": [
        "man",
        "out"
      ],
      "outputs": {
        "man": "/nix/store/ikbf7j6q9j5zhijcxx5985zp8bxayfzz-cowsay-3.8.4-man",
        "out": "/nix/store/rn0qyn3kmky26xgpr2n10vr787g57lff-cowsay-3.8.4"
      },
      "system": "x86_64-linux",
      "group": "toplevel",
      "priority": 5
    }
  ]
}