{
  "lockfile-version": 1,
  "manifest": {
    "version": 1,
    "install": {
      "cowsay": {
        "pkg-path": "cowsay"
      }
    },
    "hook": {},
    "profile": {},
    "options": {
      "systems": [
        "aarch64-darwin",
        "aarch64-linux",
        "x86_64-darwin",
        "x86_64-linux"
      ]
    },
    "build": {
      "sayhi": {
        "command": "mkdir -p $out/bin\necho \"#!/bin/bash\" > $out/bin/sayhi\necho \"echo 'I am saying hi to $1'\" >> $out/bin/sayhi\nchmod a+x $out/bin/sayhi\n",
        "version": "0.0.4",
        "description": "An super simple greeting."
      }
    }
  },
  "packages": [
    {
      "attr_path": "cowsay",
      "broken": false,
      "derivation": "/nix/store/6an0l1hby9zskg76dsz4ay8mw1hk2n39-cowsay-3.7.0.drv",
      "description": "Program which generates ASCII pictures of a cow with a message",
      "install_id": "cowsay",
      "license": "GPL-3.0-only",
      "locked_url": "https://github.com/flox/nixpkgs?rev=b73c2221a46c13557b1b3be9c2070cc42cf01eb3",
      "name": "cowsay-3.7.0",
      "pname": "cowsay",
      "rev": "b73c2221a46c13557b1b3be9c2070cc42cf01eb3",
      "rev_count": 658304,
      "rev_date": "2024-07-27T06:49:29Z",
      "scrape_date": "2024-07-29T13:19:28Z",
      "unfree": false,
      "version": "3.7.0",
      "outputs_to_install": [
        "man",
        "out"
      ],
      "outputs": {
        "man": "/nix/store/97db293549xgwyz52jp6r07bamaxx0pc-cowsay-3.7.0-man",
        "out": "/nix/store/0dx58nfpigjscsrq4pwixh66wag9yg12-cowsay-3.7.0"
      },
      "system": "aarch64-darwin",
      "group": "toplevel",
      "priority": 5
    },
    {
      "attr_path": "cowsay",
      "broken": false,
      "derivation": "/nix/store/xgl6nrh8cda88m5lrf73xj60fhv53dsr-cowsay-3.7.0.drv",
      "description": "Program which generates ASCII pictures of a cow with a message",
      "install_id": "cowsay",
      "license": "GPL-3.0-only",
      "locked_url": "https://github.com/flox/nixpkgs?rev=b73c2221a46c13557b1b3be9c2070cc42cf01eb3",
      "name": "cowsay-3.7.0",
      "pname": "cowsay",
      "rev": "b73c2221a46c13557b1b3be9c2070cc42cf01eb3",
      "rev_count": 658304,
      "rev_date": "2024-07-27T06:49:29Z",
      "scrape_date": "2024-07-29T13:19:28Z",
      "unfree": false,
      "version": "3.7.0",
      "outputs_to_install": [
        "man",
        "out"
      ],
      "outputs": {
        "man": "/nix/store/2icvcmrb57p20l6jr3dd8668aavzv30x-cowsay-3.7.0-man",
        "out": "/nix/store/yff06jxbwzr9k18fqwpl7br5xnghiyc7-cowsay-3.7.0"
      },
      "system": "aarch64-linux",
      "group": "toplevel",
      "priority": 5
    },
    {
      "attr_path": "cowsay",
      "broken": false,
      "derivation": "/nix/store/x12vlrjhgxdyc8axbxxlhdpyy789gkda-cowsay-3.7.0.drv",
      "description": "Program which generates ASCII pictures of a cow with a message",
      "install_id": "cowsay",
      "license": "GPL-3.0-only",
      "locked_url": "https://github.com/flox/nixpkgs?rev=b73c2221a46c13557b1b3be9c2070cc42cf01eb3",
      "name": "cowsay-3.7.0",
      "pname": "cowsay",
      "rev": "b73c2221a46c13557b1b3be9c2070cc42cf01eb3",
      "rev_count": 658304,
      "rev_date": "2024-07-27T06:49:29Z",
      "scrape_date": "2024-07-29T13:19:28Z",
      "unfree": false,
      "version": "3.7.0",
      "outputs_to_install": [
        "man",
        "out"
      ],
      "outputs": {
        "man": "/nix/store/6kji2sn0h8p9vw02i1ycma01lmqpyr0v-cowsay-3.7.0-man",
        "out": "/nix/store/hqbwx31lc03v8dd2b69hbnhb44ygyddi-cowsay-3.7.0"
      },
      "system": "x86_64-darwin",
      "group": "toplevel",
      "priority": 5
    },
    {
      "attr_path": "cowsay",
      "broken": false,
      "derivation": "/nix/store/1g1nllv1088sh3isccgir81wpjk6xmnz-cowsay-3.7.0.drv",
      "description": "Program which generates ASCII pictures of a cow with a message",
      "install_id": "cowsay",
      "license": "GPL-3.0-only",
      "locked_url": "https://github.com/flox/nixpkgs?rev=b73c2221a46c13557b1b3be9c2070cc42cf01eb3",
      "name": "cowsay-3.7.0",
      "pname": "cowsay",
      "rev": "b73c2221a46c13557b1b3be9c2070cc42cf01eb3",
      "rev_count": 658304,
      "rev_date": "2024-07-27T06:49:29Z",
      "scrape_date": "2024-07-29T13:19:28Z",
      "unfree": false,
      "version": "3.7.0",
      "outputs_to_install": [
        "man",
        "out"
      ],
      "outputs": {
        "man": "/nix/store/3iprssz8zh2sq7mlnjzlfb2a1rdx3lbf-cowsay-3.7.0-man",
        "out": "/nix/store/k88sdsg1fj9sf4qz3raihqkxrj1yxbyk-cowsay-3.7.0"
      },
      "system": "x86_64-linux",
      "group": "toplevel",
      "priority": 5
    }
  ]
}